
Microsoft Visual Studio Solution File, Format Version 11.00
# Visual Studio 2010
Project("{FAE04EC0-301F-11D3-BF4B-00C04F79EFBC}") = "SocketDLL", "SocketClient\SocketDLL.csproj", "{07E1D099-5FBD-4AA2-B24B-289BDCA0B7A5}"
EndProject
Project("{FAE04EC0-301F-11D3-BF4B-00C04F79EFBC}") = "Helpers", "Helpers\Helpers.csproj", "{3574878E-568C-4E19-B0FF-2137E86F98F2}"
EndProject
Project("{FAE04EC0-301F-11D3-BF4B-00C04F79EFBC}") = "Test", "Test\Test.csproj", "{FD499862-875E-48F0-A4EE-9F37BB3A60FC}"
EndProject
Project("{FAE04EC0-301F-11D3-BF4B-00C04F79EFBC}") = "Player", "Player\Player.csproj", "{0EA97774-0BEF-4173-9EA6-75DDC8874BF1}"
EndProject
Global
	GlobalSection(SolutionConfigurationPlatforms) = preSolution
		Debug|Any CPU = Debug|Any CPU
		Debug|Mixed Platforms = Debug|Mixed Platforms
		Debug|x86 = Debug|x86
		Release|Any CPU = Release|Any CPU
		Release|Mixed Platforms = Release|Mixed Platforms
		Release|x86 = Release|x86
	EndGlobalSection
	GlobalSection(ProjectConfigurationPlatforms) = postSolution
		{07E1D099-5FBD-4AA2-B24B-289BDCA0B7A5}.Debug|Any CPU.ActiveCfg = Debug|Any CPU
		{07E1D099-5FBD-4AA2-B24B-289BDCA0B7A5}.Debug|Any CPU.Build.0 = Debug|Any CPU
		{07E1D099-5FBD-4AA2-B24B-289BDCA0B7A5}.Debug|Mixed Platforms.ActiveCfg = Debug|Any CPU
		{07E1D099-5FBD-4AA2-B24B-289BDCA0B7A5}.Debug|Mixed Platforms.Build.0 = Debug|Any CPU
		{07E1D099-5FBD-4AA2-B24B-289BDCA0B7A5}.Debug|x86.ActiveCfg = Debug|Any CPU
		{07E1D099-5FBD-4AA2-B24B-289BDCA0B7A5}.Release|Any CPU.ActiveCfg = Release|Any CPU
		{07E1D099-5FBD-4AA2-B24B-289BDCA0B7A5}.Release|Any CPU.Build.0 = Release|Any CPU
		{07E1D099-5FBD-4AA2-B24B-289BDCA0B7A5}.Release|Mixed Platforms.ActiveCfg = Release|Any CPU
		{07E1D099-5FBD-4AA2-B24B-289BDCA0B7A5}.Release|Mixed Platforms.Build.0 = Release|Any CPU
		{07E1D099-5FBD-4AA2-B24B-289BDCA0B7A5}.Release|x86.ActiveCfg = Release|Any CPU
		{3574878E-568C-4E19-B0FF-2137E86F98F2}.Debug|Any CPU.ActiveCfg = Debug|Any CPU
		{3574878E-568C-4E19-B0FF-2137E86F98F2}.Debug|Any CPU.Build.0 = Debug|Any CPU
		{3574878E-568C-4E19-B0FF-2137E86F98F2}.Debug|Mixed Platforms.ActiveCfg = Debug|Any CPU
		{3574878E-568C-4E19-B0FF-2137E86F98F2}.Debug|Mixed Platforms.Build.0 = Debug|Any CPU
		{3574878E-568C-4E19-B0FF-2137E86F98F2}.Debug|x86.ActiveCfg = Debug|Any CPU
		{3574878E-568C-4E19-B0FF-2137E86F98F2}.Release|Any CPU.ActiveCfg = Release|Any CPU
		{3574878E-568C-4E19-B0FF-2137E86F98F2}.Release|Any CPU.Build.0 = Release|Any CPU
		{3574878E-568C-4E19-B0FF-2137E86F98F2}.Release|Mixed Platforms.ActiveCfg = Release|Any CPU
		{3574878E-568C-4E19-B0FF-2137E86F98F2}.Release|Mixed Platforms.Build.0 = Release|Any CPU
		{3574878E-568C-4E19-B0FF-2137E86F98F2}.Release|x86.ActiveCfg = Release|Any CPU
		{FD499862-875E-48F0-A4EE-9F37BB3A60FC}.Debug|Any CPU.ActiveCfg = Debug|Any CPU
		{FD499862-875E-48F0-A4EE-9F37BB3A60FC}.Debug|Any CPU.Build.0 = Debug|Any CPU
		{FD499862-875E-48F0-A4EE-9F37BB3A60FC}.Debug|Mixed Platforms.ActiveCfg = Debug|Any CPU
		{FD499862-875E-48F0-A4EE-9F37BB3A60FC}.Debug|Mixed Platforms.Build.0 = Debug|Any CPU
		{FD499862-875E-48F0-A4EE-9F37BB3A60FC}.Debug|x86.ActiveCfg = Debug|Any CPU
		{FD499862-875E-48F0-A4EE-9F37BB3A60FC}.Release|Any CPU.ActiveCfg = Release|Any CPU
		{FD499862-875E-48F0-A4EE-9F37BB3A60FC}.Release|Any CPU.Build.0 = Release|Any CPU
		{FD499862-875E-48F0-A4EE-9F37BB3A60FC}.Release|Mixed Platforms.ActiveCfg = Release|Any CPU
		{FD499862-875E-48F0-A4EE-9F37BB3A60FC}.Release|Mixed Platforms.Build.0 = Release|Any CPU
		{FD499862-875E-48F0-A4EE-9F37BB3A60FC}.Release|x86.ActiveCfg = Release|Any CPU
		{0EA97774-0BEF-4173-9EA6-75DDC8874BF1}.Debug|Any CPU.ActiveCfg = Debug|x86
		{0EA97774-0BEF-4173-9EA6-75DDC8874BF1}.Debug|Mixed Platforms.ActiveCfg = Debug|x86
		{0EA97774-0BEF-4173-9EA6-75DDC8874BF1}.Debug|Mixed Platforms.Build.0 = Debug|x86
		{0EA97774-0BEF-4173-9EA6-75DDC8874BF1}.Debug|x86.ActiveCfg = Debug|x86
		{0EA97774-0BEF-4173-9EA6-75DDC8874BF1}.Debug|x86.Build.0 = Debug|x86
		{0EA97774-0BEF-4173-9EA6-75DDC8874BF1}.Release|Any CPU.ActiveCfg = Release|x86
		{0EA97774-0BEF-4173-9EA6-75DDC8874BF1}.Release|Mixed Platforms.ActiveCfg = Release|x86
		{0EA97774-0BEF-4173-9EA6-75DDC8874BF1}.Release|Mixed Platforms.Build.0 = Release|x86
		{0EA97774-0BEF-4173-9EA6-75DDC8874BF1}.Release|x86.ActiveCfg = Release|x86
		{0EA97774-0BEF-4173-9EA6-75DDC8874BF1}.Release|x86.Build.0 = Release|x86
	EndGlobalSection
	GlobalSection(SolutionProperties) = preSolution
		HideSolutionNode = FALSE
	EndGlobalSection
EndGlobal
