
Microsoft Visual Studio Solution File, Format Version 11.00
# Visual Studio 2010
Project("{FAE04EC0-301F-11D3-BF4B-00C04F79EFBC}") = "Helpers", "Helpers\Helpers.csproj", "{AD1B8DBE-4283-461A-A4A9-87E4D47AF30D}"
EndProject
Project("{FAE04EC0-301F-11D3-BF4B-00C04F79EFBC}") = "CentralBusiness", "CentralBusiness\CentralBusiness.csproj", "{84AD0128-2179-4AAA-8EDC-25DEA2C8C15E}"
EndProject
Project("{FAE04EC0-301F-11D3-BF4B-00C04F79EFBC}") = "CentralControlFlashVer", "CentralControlFlashVer\CentralControlFlashVer.csproj", "{1CD435B6-FE23-4484-806A-5D682465107A}"
EndProject
Project("{FAE04EC0-301F-11D3-BF4B-00C04F79EFBC}") = "Auxiliary", "Auxiliary\Auxiliary.csproj", "{6EE1E736-EC6C-4387-976C-D9B1FCE52938}"
EndProject
Project("{FAE04EC0-301F-11D3-BF4B-00C04F79EFBC}") = "ServerDLL", "ServerDLL\ServerDLL.csproj", "{7A5748D4-46B1-4649-BF7D-94B790E84410}"
EndProject
Global
	GlobalSection(SolutionConfigurationPlatforms) = preSolution
		Debug|Any CPU = Debug|Any CPU
		Debug|Mixed Platforms = Debug|Mixed Platforms
		Debug|x86 = Debug|x86
		Release|Any CPU = Release|Any CPU
		Release|Mixed Platforms = Release|Mixed Platforms
		Release|x86 = Release|x86
	EndGlobalSection
	GlobalSection(ProjectConfigurationPlatforms) = postSolution
		{AD1B8DBE-4283-461A-A4A9-87E4D47AF30D}.Debug|Any CPU.ActiveCfg = Debug|Any CPU
		{AD1B8DBE-4283-461A-A4A9-87E4D47AF30D}.Debug|Any CPU.Build.0 = Debug|Any CPU
		{AD1B8DBE-4283-461A-A4A9-87E4D47AF30D}.Debug|Mixed Platforms.ActiveCfg = Debug|Any CPU
		{AD1B8DBE-4283-461A-A4A9-87E4D47AF30D}.Debug|Mixed Platforms.Build.0 = Debug|Any CPU
		{AD1B8DBE-4283-461A-A4A9-87E4D47AF30D}.Debug|x86.ActiveCfg = Debug|Any CPU
		{AD1B8DBE-4283-461A-A4A9-87E4D47AF30D}.Release|Any CPU.ActiveCfg = Release|Any CPU
		{AD1B8DBE-4283-461A-A4A9-87E4D47AF30D}.Release|Any CPU.Build.0 = Release|Any CPU
		{AD1B8DBE-4283-461A-A4A9-87E4D47AF30D}.Release|Mixed Platforms.ActiveCfg = Release|Any CPU
		{AD1B8DBE-4283-461A-A4A9-87E4D47AF30D}.Release|Mixed Platforms.Build.0 = Release|Any CPU
		{AD1B8DBE-4283-461A-A4A9-87E4D47AF30D}.Release|x86.ActiveCfg = Release|Any CPU
		{84AD0128-2179-4AAA-8EDC-25DEA2C8C15E}.Debug|Any CPU.ActiveCfg = Debug|Any CPU
		{84AD0128-2179-4AAA-8EDC-25DEA2C8C15E}.Debug|Any CPU.Build.0 = Debug|Any CPU
		{84AD0128-2179-4AAA-8EDC-25DEA2C8C15E}.Debug|Mixed Platforms.ActiveCfg = Debug|Any CPU
		{84AD0128-2179-4AAA-8EDC-25DEA2C8C15E}.Debug|Mixed Platforms.Build.0 = Debug|Any CPU
		{84AD0128-2179-4AAA-8EDC-25DEA2C8C15E}.Debug|x86.ActiveCfg = Debug|Any CPU
		{84AD0128-2179-4AAA-8EDC-25DEA2C8C15E}.Release|Any CPU.ActiveCfg = Release|Any CPU
		{84AD0128-2179-4AAA-8EDC-25DEA2C8C15E}.Release|Any CPU.Build.0 = Release|Any CPU
		{84AD0128-2179-4AAA-8EDC-25DEA2C8C15E}.Release|Mixed Platforms.ActiveCfg = Release|Any CPU
		{84AD0128-2179-4AAA-8EDC-25DEA2C8C15E}.Release|Mixed Platforms.Build.0 = Release|Any CPU
		{84AD0128-2179-4AAA-8EDC-25DEA2C8C15E}.Release|x86.ActiveCfg = Release|Any CPU
		{1CD435B6-FE23-4484-806A-5D682465107A}.Debug|Any CPU.ActiveCfg = Debug|x86
		{1CD435B6-FE23-4484-806A-5D682465107A}.Debug|Mixed Platforms.ActiveCfg = Debug|x86
		{1CD435B6-FE23-4484-806A-5D682465107A}.Debug|Mixed Platforms.Build.0 = Debug|x86
		{1CD435B6-FE23-4484-806A-5D682465107A}.Debug|x86.ActiveCfg = Debug|x86
		{1CD435B6-FE23-4484-806A-5D682465107A}.Debug|x86.Build.0 = Debug|x86
		{1CD435B6-FE23-4484-806A-5D682465107A}.Release|Any CPU.ActiveCfg = Release|x86
		{1CD435B6-FE23-4484-806A-5D682465107A}.Release|Mixed Platforms.ActiveCfg = Release|x86
		{1CD435B6-FE23-4484-806A-5D682465107A}.Release|Mixed Platforms.Build.0 = Release|x86
		{1CD435B6-FE23-4484-806A-5D682465107A}.Release|x86.ActiveCfg = Release|x86
		{1CD435B6-FE23-4484-806A-5D682465107A}.Release|x86.Build.0 = Release|x86
		{6EE1E736-EC6C-4387-976C-D9B1FCE52938}.Debug|Any CPU.ActiveCfg = Debug|Any CPU
		{6EE1E736-EC6C-4387-976C-D9B1FCE52938}.Debug|Any CPU.Build.0 = Debug|Any CPU
		{6EE1E736-EC6C-4387-976C-D9B1FCE52938}.Debug|Mixed Platforms.ActiveCfg = Debug|Any CPU
		{6EE1E736-EC6C-4387-976C-D9B1FCE52938}.Debug|Mixed Platforms.Build.0 = Debug|Any CPU
		{6EE1E736-EC6C-4387-976C-D9B1FCE52938}.Debug|x86.ActiveCfg = Debug|Any CPU
		{6EE1E736-EC6C-4387-976C-D9B1FCE52938}.Release|Any CPU.ActiveCfg = Release|Any CPU
		{6EE1E736-EC6C-4387-976C-D9B1FCE52938}.Release|Any CPU.Build.0 = Release|Any CPU
		{6EE1E736-EC6C-4387-976C-D9B1FCE52938}.Release|Mixed Platforms.ActiveCfg = Release|Any CPU
		{6EE1E736-EC6C-4387-976C-D9B1FCE52938}.Release|Mixed Platforms.Build.0 = Release|Any CPU
		{6EE1E736-EC6C-4387-976C-D9B1FCE52938}.Release|x86.ActiveCfg = Release|Any CPU
		{7A5748D4-46B1-4649-BF7D-94B790E84410}.Debug|Any CPU.ActiveCfg = Debug|Any CPU
		{7A5748D4-46B1-4649-BF7D-94B790E84410}.Debug|Any CPU.Build.0 = Debug|Any CPU
		{7A5748D4-46B1-4649-BF7D-94B790E84410}.Debug|Mixed Platforms.ActiveCfg = Debug|Any CPU
		{7A5748D4-46B1-4649-BF7D-94B790E84410}.Debug|Mixed Platforms.Build.0 = Debug|Any CPU
		{7A5748D4-46B1-4649-BF7D-94B790E84410}.Debug|x86.ActiveCfg = Debug|Any CPU
		{7A5748D4-46B1-4649-BF7D-94B790E84410}.Release|Any CPU.ActiveCfg = Release|Any CPU
		{7A5748D4-46B1-4649-BF7D-94B790E84410}.Release|Any CPU.Build.0 = Release|Any CPU
		{7A5748D4-46B1-4649-BF7D-94B790E84410}.Release|Mixed Platforms.ActiveCfg = Release|Any CPU
		{7A5748D4-46B1-4649-BF7D-94B790E84410}.Release|Mixed Platforms.Build.0 = Release|Any CPU
		{7A5748D4-46B1-4649-BF7D-94B790E84410}.Release|x86.ActiveCfg = Release|Any CPU
	EndGlobalSection
	GlobalSection(SolutionProperties) = preSolution
		HideSolutionNode = FALSE
	EndGlobalSection
EndGlobal
